
Microsoft Visual Studio Solution File, Format Version 12.00
# Visual Studio Version 17
VisualStudioVersion = 17.6.33801.468
MinimumVisualStudioVersion = 10.0.40219.1
Project("{9A19103F-16F7-4668-BE54-9A1E7A4F7556}") = "ElevatorControl.Api", "ElevatorControl.Api\ElevatorControl.Api.csproj", "{BAEA9778-4798-45B9-ACB7-0B8FB1C095B8}"
EndProject
Project("{9A19103F-16F7-4668-BE54-9A1E7A4F7556}") = "ElevatorControl.Model", "ElevatorControl.Model\ElevatorControl.Model.csproj", "{51502F48-F5B8-4B86-AFA0-81F988F65A92}"
EndProject
Project("{9A19103F-16F7-4668-BE54-9A1E7A4F7556}") = "ElevatorControl.Service", "ElevatorControl.Service\ElevatorControl.Service.csproj", "{4E130497-B153-4E55-8D96-20807DE3DF9A}"
EndProject
Project("{FAE04EC0-301F-11D3-BF4B-00C04F79EFBC}") = "ElevatorControl.Tests", "ElevatorControl.Tests\ElevatorControl.Tests.csproj", "{49969B09-1951-4264-B8D0-74773D10E109}"
EndProject
Global
	GlobalSection(SolutionConfigurationPlatforms) = preSolution
		Debug|Any CPU = Debug|Any CPU
		Release|Any CPU = Release|Any CPU
	EndGlobalSection
	GlobalSection(ProjectConfigurationPlatforms) = postSolution
		{BAEA9778-4798-45B9-ACB7-0B8FB1C095B8}.Debug|Any CPU.ActiveCfg = Debug|Any CPU
		{BAEA9778-4798-45B9-ACB7-0B8FB1C095B8}.Debug|Any CPU.Build.0 = Debug|Any CPU
		{BAEA9778-4798-45B9-ACB7-0B8FB1C095B8}.Release|Any CPU.ActiveCfg = Release|Any CPU
		{BAEA9778-4798-45B9-ACB7-0B8FB1C095B8}.Release|Any CPU.Build.0 = Release|Any CPU
		{51502F48-F5B8-4B86-AFA0-81F988F65A92}.Debug|Any CPU.ActiveCfg = Debug|Any CPU
		{51502F48-F5B8-4B86-AFA0-81F988F65A92}.Debug|Any CPU.Build.0 = Debug|Any CPU
		{51502F48-F5B8-4B86-AFA0-81F988F65A92}.Release|Any CPU.ActiveCfg = Release|Any CPU
		{51502F48-F5B8-4B86-AFA0-81F988F65A92}.Release|Any CPU.Build.0 = Release|Any CPU
		{4E130497-B153-4E55-8D96-20807DE3DF9A}.Debug|Any CPU.ActiveCfg = Debug|Any CPU
		{4E130497-B153-4E55-8D96-20807DE3DF9A}.Debug|Any CPU.Build.0 = Debug|Any CPU
		{4E130497-B153-4E55-8D96-20807DE3DF9A}.Release|Any CPU.ActiveCfg = Release|Any CPU
		{4E130497-B153-4E55-8D96-20807DE3DF9A}.Release|Any CPU.Build.0 = Release|Any CPU
		{49969B09-1951-4264-B8D0-74773D10E109}.Debug|Any CPU.ActiveCfg = Debug|Any CPU
		{49969B09-1951-4264-B8D0-74773D10E109}.Debug|Any CPU.Build.0 = Debug|Any CPU
		{49969B09-1951-4264-B8D0-74773D10E109}.Release|Any CPU.ActiveCfg = Release|Any CPU
		{49969B09-1951-4264-B8D0-74773D10E109}.Release|Any CPU.Build.0 = Release|Any CPU
	EndGlobalSection
	GlobalSection(SolutionProperties) = preSolution
		HideSolutionNode = FALSE
	EndGlobalSection
	GlobalSection(ExtensibilityGlobals) = postSolution
		SolutionGuid = {F35BBB4F-F7E4-40FA-B2A2-3FC90F799C5C}
	EndGlobalSection
EndGlobal
